// !$*UTF8*$!
{ archiveVersion = 1; classes = {}; objectVersion = 56; objects = {
4C5CE333CB10A5CC3E3C32E2 = { isa = PBXFileReference; lastKnownFileType = sourcecode.swift; path = "SodAI/App/AppConfiguration.swift"; sourceTree = SOURCE_ROOT; };
82F5CC492A0D6B238BB0259D = { isa = PBXBuildFile; fileRef = 4C5CE333CB10A5CC3E3C32E2; };
9D6F3E03834AA8AA7AE36BCC = { isa = PBXFileReference; lastKnownFileType = sourcecode.swift; path = "SodAI/App/SodAIApp.swift"; sourceTree = SOURCE_ROOT; };
FF9B7508E335063B21D1D45B = { isa = PBXBuildFile; fileRef = 9D6F3E03834AA8AA7AE36BCC; };
50E5C5A627EEF262E3B1E0B5 = { isa = PBXFileReference; lastKnownFileType = sourcecode.swift; path = "SodAI/Core/Authentication/AuthModels.swift"; sourceTree = SOURCE_ROOT; };
5DB2816D71F7D6F68A08BFB6 = { isa = PBXBuildFile; fileRef = 50E5C5A627EEF262E3B1E0B5; };
8BAD89F286EC561B4E035CEA = { isa = PBXFileReference; lastKnownFileType = sourcecode.swift; path = "SodAI/Core/Authentication/AuthStore.swift"; sourceTree = SOURCE_ROOT; };
105023E8DDFE12F2B2827ACE = { isa = PBXBuildFile; fileRef = 8BAD89F286EC561B4E035CEA; };
2A37EF2FCE9CFC44FB09CD5A = { isa = PBXFileReference; lastKnownFileType = sourcecode.swift; path = "SodAI/Core/Authentication/KeychainCredentialStore.swift"; sourceTree = SOURCE_ROOT; };
101411F58807FD3AFF530B53 = { isa = PBXBuildFile; fileRef = 2A37EF2FCE9CFC44FB09CD5A; };
A62421533901B3C512F4BC2B = { isa = PBXFileReference; lastKnownFileType = sourcecode.swift; path = "SodAI/Core/Models/BrainConditionRange.swift"; sourceTree = SOURCE_ROOT; };
970E5671C393F4994FD1FC46 = { isa = PBXBuildFile; fileRef = A62421533901B3C512F4BC2B; };
84B2C826E88B4323849A0F48 = { isa = PBXFileReference; lastKnownFileType = sourcecode.swift; path = "SodAI/Core/Models/ConversationStore.swift"; sourceTree = SOURCE_ROOT; };
61A5F3A73C775BE62E6FF4A2 = { isa = PBXBuildFile; fileRef = 84B2C826E88B4323849A0F48; };
9D84C17B94E0BB91E999DE55 = { isa = PBXFileReference; lastKnownFileType = sourcecode.swift; path = "SodAI/Core/Models/PlatformModels.swift"; sourceTree = SOURCE_ROOT; };
0F43B41F15B4F2F4F2E34AA7 = { isa = PBXBuildFile; fileRef = 9D84C17B94E0BB91E999DE55; };
73B4B2AF0DB2EF6362C95D3F = { isa = PBXFileReference; lastKnownFileType = sourcecode.swift; path = "SodAI/Core/Models/PlatformStore.swift"; sourceTree = SOURCE_ROOT; };
979BB2AEECA1EB2821BB57B1 = { isa = PBXBuildFile; fileRef = 73B4B2AF0DB2EF6362C95D3F; };
8C4B678EFD653BCECB5D294D = { isa = PBXFileReference; lastKnownFileType = sourcecode.swift; path = "SodAI/Core/Networking/AuthClient.swift"; sourceTree = SOURCE_ROOT; };
2E44BE3583330F7841213845 = { isa = PBXBuildFile; fileRef = 8C4B678EFD653BCECB5D294D; };
89C90936D76E5DF941A28444 = { isa = PBXFileReference; lastKnownFileType = sourcecode.swift; path = "SodAI/Core/Networking/PlatformClient.swift"; sourceTree = SOURCE_ROOT; };
A9A56B0FC48A3CDC6693912E = { isa = PBXBuildFile; fileRef = 89C90936D76E5DF941A28444; };
26C623CA38ED7D62A768B793 = { isa = PBXFileReference; lastKnownFileType = sourcecode.swift; path = "SodAI/Core/Realtime/RealtimeConnection.swift"; sourceTree = SOURCE_ROOT; };
82134D9FC2E514D37F3FAA35 = { isa = PBXBuildFile; fileRef = 26C623CA38ED7D62A768B793; };
190B2ECC707B1EB0FCFCA436 = { isa = PBXFileReference; lastKnownFileType = sourcecode.swift; path = "SodAI/DesignSystem/SidebarContainer.swift"; sourceTree = SOURCE_ROOT; };
093EFFC87DCEE9DA5F6D8738 = { isa = PBXBuildFile; fileRef = 190B2ECC707B1EB0FCFCA436; };
0CDEBD7E48DE3B36DEFA0846 = { isa = PBXFileReference; lastKnownFileType = sourcecode.swift; path = "SodAI/DesignSystem/SodAIStyle.swift"; sourceTree = SOURCE_ROOT; };
46056E4F5434929E26253A1D = { isa = PBXBuildFile; fileRef = 0CDEBD7E48DE3B36DEFA0846; };
2EAAE2A476276199713F9E79 = { isa = PBXFileReference; lastKnownFileType = sourcecode.swift; path = "SodAI/Development/UITestFixture.swift"; sourceTree = SOURCE_ROOT; };
0230C5A751F7FCCB36695B4E = { isa = PBXBuildFile; fileRef = 2EAAE2A476276199713F9E79; };
BA79F4FABCCA93679DF88A08 = { isa = PBXFileReference; lastKnownFileType = sourcecode.swift; path = "SodAI/Features/Account/AccountView.swift"; sourceTree = SOURCE_ROOT; };
028EDA377458E7478C739046 = { isa = PBXBuildFile; fileRef = BA79F4FABCCA93679DF88A08; };
6A9AD8D19B28768AB815049C = { isa = PBXFileReference; lastKnownFileType = sourcecode.swift; path = "SodAI/Features/Brain/BrainBackground.swift"; sourceTree = SOURCE_ROOT; };
359C809682694FC71717054D = { isa = PBXBuildFile; fileRef = 6A9AD8D19B28768AB815049C; };
9AFE2CBD49E1840F4C6BFCF2 = { isa = PBXFileReference; lastKnownFileType = sourcecode.swift; path = "SodAI/Features/Brain/BrainConditionsView.swift"; sourceTree = SOURCE_ROOT; };
E36AE04ACADF905406902192 = { isa = PBXBuildFile; fileRef = 9AFE2CBD49E1840F4C6BFCF2; };
1552F589FDD241E54255E457 = { isa = PBXFileReference; lastKnownFileType = sourcecode.swift; path = "SodAI/Features/Brain/BrainStore.swift"; sourceTree = SOURCE_ROOT; };
7708301CD712F30EF7809F80 = { isa = PBXBuildFile; fileRef = 1552F589FDD241E54255E457; };
37524774A653E49069C7C956 = { isa = PBXFileReference; lastKnownFileType = sourcecode.swift; path = "SodAI/Features/Brain/BrainView.swift"; sourceTree = SOURCE_ROOT; };
FD1C23A71083A30BD2ABB00A = { isa = PBXBuildFile; fileRef = 37524774A653E49069C7C956; };
99023A968ED1FD29688543D4 = { isa = PBXFileReference; lastKnownFileType = sourcecode.swift; path = "SodAI/Features/Chat/ChatView.swift"; sourceTree = SOURCE_ROOT; };
4116C8B5864D46913A88CCF2 = { isa = PBXBuildFile; fileRef = 99023A968ED1FD29688543D4; };
16E787B3DDFADA1284428CBC = { isa = PBXFileReference; lastKnownFileType = sourcecode.swift; path = "SodAI/Features/Chat/HomeView.swift"; sourceTree = SOURCE_ROOT; };
587AEA1CF56C84990BAB4E8D = { isa = PBXBuildFile; fileRef = 16E787B3DDFADA1284428CBC; };
AEFC74FCADBB82F80C4EA070 = { isa = PBXFileReference; lastKnownFileType = sourcecode.swift; path = "SodAI/Features/Threads/ThreadListView.swift"; sourceTree = SOURCE_ROOT; };
62F9D1A5161FD45184E65EBF = { isa = PBXBuildFile; fileRef = AEFC74FCADBB82F80C4EA070; };
06271BAF49532C879AA3C58B = { isa = PBXFileReference; lastKnownFileType = text.plist.xml; path = "SodAI/Info.plist"; sourceTree = SOURCE_ROOT; };
CCB32DA757F8CB91EA8A9F9D = { isa = PBXFileReference; lastKnownFileType = text.plist.entitlements; path = "SodAI/SodAI.entitlements"; sourceTree = SOURCE_ROOT; };
FADD125AE66D613EFD49723F = { isa = PBXGroup; children = (4C5CE333CB10A5CC3E3C32E2, 9D6F3E03834AA8AA7AE36BCC, 50E5C5A627EEF262E3B1E0B5, 8BAD89F286EC561B4E035CEA, 2A37EF2FCE9CFC44FB09CD5A, A62421533901B3C512F4BC2B, 84B2C826E88B4323849A0F48, 9D84C17B94E0BB91E999DE55, 73B4B2AF0DB2EF6362C95D3F, 8C4B678EFD653BCECB5D294D, 89C90936D76E5DF941A28444, 26C623CA38ED7D62A768B793, 190B2ECC707B1EB0FCFCA436, 0CDEBD7E48DE3B36DEFA0846, 2EAAE2A476276199713F9E79, BA79F4FABCCA93679DF88A08, 6A9AD8D19B28768AB815049C, 9AFE2CBD49E1840F4C6BFCF2, 1552F589FDD241E54255E457, 37524774A653E49069C7C956, 99023A968ED1FD29688543D4, 16E787B3DDFADA1284428CBC, AEFC74FCADBB82F80C4EA070, 06271BAF49532C879AA3C58B, CCB32DA757F8CB91EA8A9F9D, 8BF729FFE074CAEE622C0292,); name = "SodAI"; sourceTree = "<group>"; };
C6C7F3B591C03CD2D31B4D98 = { isa = PBXSourcesBuildPhase; buildActionMask = 2147483647; files = (82F5CC492A0D6B238BB0259D, FF9B7508E335063B21D1D45B, 5DB2816D71F7D6F68A08BFB6, 105023E8DDFE12F2B2827ACE, 101411F58807FD3AFF530B53, 970E5671C393F4994FD1FC46, 61A5F3A73C775BE62E6FF4A2, 0F43B41F15B4F2F4F2E34AA7, 979BB2AEECA1EB2821BB57B1, 2E44BE3583330F7841213845, A9A56B0FC48A3CDC6693912E, 82134D9FC2E514D37F3FAA35, 093EFFC87DCEE9DA5F6D8738, 46056E4F5434929E26253A1D, 0230C5A751F7FCCB36695B4E, 028EDA377458E7478C739046, 359C809682694FC71717054D, E36AE04ACADF905406902192, 7708301CD712F30EF7809F80, FD1C23A71083A30BD2ABB00A, 4116C8B5864D46913A88CCF2, 587AEA1CF56C84990BAB4E8D, 62F9D1A5161FD45184E65EBF,); runOnlyForDeploymentPostprocessing = 0; };
8CA5B540EC892583CDB9904F = { isa = PBXFrameworksBuildPhase; buildActionMask = 2147483647; files = (); runOnlyForDeploymentPostprocessing = 0; };
8BF729FFE074CAEE622C0292 = { isa = PBXFileReference; lastKnownFileType = folder.assetcatalog; path = "SodAI/Assets.xcassets"; sourceTree = SOURCE_ROOT; };
999FF37E9C5A0FFB78E1CDE2 = { isa = PBXBuildFile; fileRef = 8BF729FFE074CAEE622C0292; };
3A50F11A1652D90D4D82E0E2 = { isa = PBXResourcesBuildPhase; buildActionMask = 2147483647; files = (999FF37E9C5A0FFB78E1CDE2,); runOnlyForDeploymentPostprocessing = 0; };
AACFE48E8C3FA91299419325 = { isa = PBXFileReference; explicitFileType = wrapper.application; path = "SodAI.app"; sourceTree = BUILT_PRODUCTS_DIR; };
59AD3ACBB5C3537DBD4F41A1 = { isa = XCBuildConfiguration; name = Debug; buildSettings = { PRODUCT_NAME = "$(TARGET_NAME)"; PRODUCT_BUNDLE_IDENTIFIER = "me.sodai.app"; IPHONEOS_DEPLOYMENT_TARGET = "26.0"; SWIFT_VERSION = "6.0"; TARGETED_DEVICE_FAMILY = "1"; GENERATE_INFOPLIST_FILE = "YES"; CODE_SIGN_STYLE = "Automatic"; SWIFT_OPTIMIZATION_LEVEL = "-Onone"; SWIFT_ACTIVE_COMPILATION_CONDITIONS = "DEBUG"; SUPPORTED_PLATFORMS = "iphoneos iphonesimulator"; ONLY_ACTIVE_ARCH = "YES"; INFOPLIST_FILE = "SodAI/Info.plist"; MARKETING_VERSION = "0.1.0"; CURRENT_PROJECT_VERSION = "1"; ENABLE_PREVIEWS = "YES"; CODE_SIGN_ENTITLEMENTS = "SodAI/SodAI.entitlements"; DEVELOPMENT_TEAM = "ST8NV9LCGX"; }; };
83A0DDB89C0A79E07F8C731C = { isa = XCBuildConfiguration; name = Release; buildSettings = { PRODUCT_NAME = "$(TARGET_NAME)"; PRODUCT_BUNDLE_IDENTIFIER = "me.sodai.app"; IPHONEOS_DEPLOYMENT_TARGET = "26.0"; SWIFT_VERSION = "6.0"; TARGETED_DEVICE_FAMILY = "1"; GENERATE_INFOPLIST_FILE = "YES"; CODE_SIGN_STYLE = "Automatic"; SWIFT_OPTIMIZATION_LEVEL = "-O"; SWIFT_ACTIVE_COMPILATION_CONDITIONS = ""; SUPPORTED_PLATFORMS = "iphoneos iphonesimulator"; ONLY_ACTIVE_ARCH = "NO"; INFOPLIST_FILE = "SodAI/Info.plist"; MARKETING_VERSION = "0.1.0"; CURRENT_PROJECT_VERSION = "1"; ENABLE_PREVIEWS = "YES"; CODE_SIGN_ENTITLEMENTS = "SodAI/SodAI.entitlements"; DEVELOPMENT_TEAM = "ST8NV9LCGX"; }; };
3BDE667C5EDE1164046408F6 = { isa = XCConfigurationList; buildConfigurations = (59AD3ACBB5C3537DBD4F41A1, 83A0DDB89C0A79E07F8C731C,); defaultConfigurationIsVisible = 0; defaultConfigurationName = Release; };
52CF090E63F0273733C39ED2 = { isa = PBXNativeTarget; buildConfigurationList = 3BDE667C5EDE1164046408F6; buildPhases = (C6C7F3B591C03CD2D31B4D98, 8CA5B540EC892583CDB9904F, 3A50F11A1652D90D4D82E0E2,); buildRules = (); dependencies = (); name = "SodAI"; productName = "SodAI"; productReference = AACFE48E8C3FA91299419325; productType = "com.apple.product-type.application"; };
1B5224C38A6D48332CF58F5A = { isa = PBXFileReference; lastKnownFileType = sourcecode.swift; path = "SodAITests/AuthenticationTests.swift"; sourceTree = SOURCE_ROOT; };
9D77B022B6EB04D2CAEA6594 = { isa = PBXBuildFile; fileRef = 1B5224C38A6D48332CF58F5A; };
2F16FB0B813A4A29B2F9EFFA = { isa = PBXFileReference; lastKnownFileType = sourcecode.swift; path = "SodAITests/LivePlatformTests.swift"; sourceTree = SOURCE_ROOT; };
F876972A753A89657B0F5BC4 = { isa = PBXBuildFile; fileRef = 2F16FB0B813A4A29B2F9EFFA; };
AEF8ED1AA91B90EB415209EE = { isa = PBXFileReference; lastKnownFileType = sourcecode.swift; path = "SodAITests/PlatformTests.swift"; sourceTree = SOURCE_ROOT; };
5000FAFF6374EDEC3A5CCE0A = { isa = PBXBuildFile; fileRef = AEF8ED1AA91B90EB415209EE; };
4688FE24ED5434F394270237 = { isa = PBXFileReference; lastKnownFileType = sourcecode.swift; path = "SodAITests/PlatformTransportTests.swift"; sourceTree = SOURCE_ROOT; };
996F05FB77033649627B32AA = { isa = PBXBuildFile; fileRef = 4688FE24ED5434F394270237; };
C2483699357AB8A08D722FDE = { isa = PBXGroup; children = (1B5224C38A6D48332CF58F5A, 2F16FB0B813A4A29B2F9EFFA, AEF8ED1AA91B90EB415209EE, 4688FE24ED5434F394270237,); name = "SodAITests"; sourceTree = "<group>"; };
23C4AE404F44C2F08BB3909F = { isa = PBXSourcesBuildPhase; buildActionMask = 2147483647; files = (9D77B022B6EB04D2CAEA6594, F876972A753A89657B0F5BC4, 5000FAFF6374EDEC3A5CCE0A, 996F05FB77033649627B32AA,); runOnlyForDeploymentPostprocessing = 0; };
F4D26C38E69F0BF315C1242A = { isa = PBXFrameworksBuildPhase; buildActionMask = 2147483647; files = (); runOnlyForDeploymentPostprocessing = 0; };
300BDB16CAB0197F3A3F732D = { isa = PBXResourcesBuildPhase; buildActionMask = 2147483647; files = (); runOnlyForDeploymentPostprocessing = 0; };
380ACDA860EB9DB77B6E2278 = { isa = PBXFileReference; explicitFileType = wrapper.cfbundle; path = "SodAITests.xctest"; sourceTree = BUILT_PRODUCTS_DIR; };
431CA9B5A9E3EB05F6ED3D2A = { isa = XCBuildConfiguration; name = Debug; buildSettings = { PRODUCT_NAME = "$(TARGET_NAME)"; PRODUCT_BUNDLE_IDENTIFIER = "me.sodai.SodAITests"; IPHONEOS_DEPLOYMENT_TARGET = "26.0"; SWIFT_VERSION = "6.0"; TARGETED_DEVICE_FAMILY = "1"; GENERATE_INFOPLIST_FILE = "YES"; CODE_SIGN_STYLE = "Automatic"; SWIFT_OPTIMIZATION_LEVEL = "-Onone"; SWIFT_ACTIVE_COMPILATION_CONDITIONS = "DEBUG"; SUPPORTED_PLATFORMS = "iphoneos iphonesimulator"; ONLY_ACTIVE_ARCH = "YES"; TEST_HOST = "$(BUILT_PRODUCTS_DIR)/SodAI.app/SodAI"; BUNDLE_LOADER = "$(TEST_HOST)"; }; };
E41F5314929CB909A3185C6D = { isa = XCBuildConfiguration; name = Release; buildSettings = { PRODUCT_NAME = "$(TARGET_NAME)"; PRODUCT_BUNDLE_IDENTIFIER = "me.sodai.SodAITests"; IPHONEOS_DEPLOYMENT_TARGET = "26.0"; SWIFT_VERSION = "6.0"; TARGETED_DEVICE_FAMILY = "1"; GENERATE_INFOPLIST_FILE = "YES"; CODE_SIGN_STYLE = "Automatic"; SWIFT_OPTIMIZATION_LEVEL = "-O"; SWIFT_ACTIVE_COMPILATION_CONDITIONS = ""; SUPPORTED_PLATFORMS = "iphoneos iphonesimulator"; ONLY_ACTIVE_ARCH = "NO"; TEST_HOST = "$(BUILT_PRODUCTS_DIR)/SodAI.app/SodAI"; BUNDLE_LOADER = "$(TEST_HOST)"; }; };
10875F9F8FCD0619460D4D6F = { isa = XCConfigurationList; buildConfigurations = (431CA9B5A9E3EB05F6ED3D2A, E41F5314929CB909A3185C6D,); defaultConfigurationIsVisible = 0; defaultConfigurationName = Release; };
7AE301BE121D3AC65B4B09D9 = { isa = PBXContainerItemProxy; containerPortal = 244210E48437B6556980A702; proxyType = 1; remoteGlobalIDString = 52CF090E63F0273733C39ED2; remoteInfo = SodAI; };
2C64B3AB8BF1E3746EA4F52F = { isa = PBXTargetDependency; target = 52CF090E63F0273733C39ED2; targetProxy = 7AE301BE121D3AC65B4B09D9; };
F33B577E156AC443ADC55517 = { isa = PBXNativeTarget; buildConfigurationList = 10875F9F8FCD0619460D4D6F; buildPhases = (23C4AE404F44C2F08BB3909F, F4D26C38E69F0BF315C1242A, 300BDB16CAB0197F3A3F732D,); buildRules = (); dependencies = (2C64B3AB8BF1E3746EA4F52F,); name = "SodAITests"; productName = "SodAITests"; productReference = 380ACDA860EB9DB77B6E2278; productType = "com.apple.product-type.bundle.unit-test"; };
E07DB506DA15D063D0E8F1C1 = { isa = PBXFileReference; lastKnownFileType = sourcecode.swift; path = "SodAIUITests/SodAIUITests.swift"; sourceTree = SOURCE_ROOT; };
7BB16078601301DA6AA8D50C = { isa = PBXBuildFile; fileRef = E07DB506DA15D063D0E8F1C1; };
65533928E7506C48F4577BF6 = { isa = PBXGroup; children = (E07DB506DA15D063D0E8F1C1,); name = "SodAIUITests"; sourceTree = "<group>"; };
2C09C16067D32692D7FC7658 = { isa = PBXSourcesBuildPhase; buildActionMask = 2147483647; files = (7BB16078601301DA6AA8D50C,); runOnlyForDeploymentPostprocessing = 0; };
86994CFC9BEA7C9B902423AF = { isa = PBXFrameworksBuildPhase; buildActionMask = 2147483647; files = (); runOnlyForDeploymentPostprocessing = 0; };
09376DEE0CB7E59794438F91 = { isa = PBXResourcesBuildPhase; buildActionMask = 2147483647; files = (); runOnlyForDeploymentPostprocessing = 0; };
6974C315D9BDDCC23A3F00AB = { isa = PBXFileReference; explicitFileType = wrapper.cfbundle; path = "SodAIUITests.xctest"; sourceTree = BUILT_PRODUCTS_DIR; };
016E16042F37603C356DF081 = { isa = XCBuildConfiguration; name = Debug; buildSettings = { PRODUCT_NAME = "$(TARGET_NAME)"; PRODUCT_BUNDLE_IDENTIFIER = "me.sodai.SodAIUITests"; IPHONEOS_DEPLOYMENT_TARGET = "26.0"; SWIFT_VERSION = "6.0"; TARGETED_DEVICE_FAMILY = "1"; GENERATE_INFOPLIST_FILE = "YES"; CODE_SIGN_STYLE = "Automatic"; SWIFT_OPTIMIZATION_LEVEL = "-Onone"; SWIFT_ACTIVE_COMPILATION_CONDITIONS = "DEBUG"; SUPPORTED_PLATFORMS = "iphoneos iphonesimulator"; ONLY_ACTIVE_ARCH = "YES"; TEST_TARGET_NAME = "SodAI"; }; };
9BDE123F9E6D8D1A149E3CF4 = { isa = XCBuildConfiguration; name = Release; buildSettings = { PRODUCT_NAME = "$(TARGET_NAME)"; PRODUCT_BUNDLE_IDENTIFIER = "me.sodai.SodAIUITests"; IPHONEOS_DEPLOYMENT_TARGET = "26.0"; SWIFT_VERSION = "6.0"; TARGETED_DEVICE_FAMILY = "1"; GENERATE_INFOPLIST_FILE = "YES"; CODE_SIGN_STYLE = "Automatic"; SWIFT_OPTIMIZATION_LEVEL = "-O"; SWIFT_ACTIVE_COMPILATION_CONDITIONS = ""; SUPPORTED_PLATFORMS = "iphoneos iphonesimulator"; ONLY_ACTIVE_ARCH = "NO"; TEST_TARGET_NAME = "SodAI"; }; };
B3532A80D3D1EC93A14C1859 = { isa = XCConfigurationList; buildConfigurations = (016E16042F37603C356DF081, 9BDE123F9E6D8D1A149E3CF4,); defaultConfigurationIsVisible = 0; defaultConfigurationName = Release; };
28B71AF7F8301C4AEF810D2D = { isa = PBXContainerItemProxy; containerPortal = 244210E48437B6556980A702; proxyType = 1; remoteGlobalIDString = 52CF090E63F0273733C39ED2; remoteInfo = SodAI; };
D240B41A8A57CCF9B8701609 = { isa = PBXTargetDependency; target = 52CF090E63F0273733C39ED2; targetProxy = 28B71AF7F8301C4AEF810D2D; };
106DC8DD0C31A2DBDC41BE00 = { isa = PBXNativeTarget; buildConfigurationList = B3532A80D3D1EC93A14C1859; buildPhases = (2C09C16067D32692D7FC7658, 86994CFC9BEA7C9B902423AF, 09376DEE0CB7E59794438F91,); buildRules = (); dependencies = (D240B41A8A57CCF9B8701609,); name = "SodAIUITests"; productName = "SodAIUITests"; productReference = 6974C315D9BDDCC23A3F00AB; productType = "com.apple.product-type.bundle.ui-testing"; };
0A3E27B8CA818264D75C8D81 = { isa = PBXGroup; children = (AACFE48E8C3FA91299419325, 380ACDA860EB9DB77B6E2278, 6974C315D9BDDCC23A3F00AB,); name = Products; sourceTree = "<group>"; };
0D6E4079E36703EBD37C0072 = { isa = PBXGroup; children = (FADD125AE66D613EFD49723F, C2483699357AB8A08D722FDE, 65533928E7506C48F4577BF6, 0A3E27B8CA818264D75C8D81,); sourceTree = "<group>"; };
2B23A31EEC75B029432F2445 = { isa = XCBuildConfiguration; name = Debug; buildSettings = { SDKROOT = "iphoneos"; CLANG_ENABLE_MODULES = "YES"; ENABLE_TESTABILITY = "YES"; DEBUG_INFORMATION_FORMAT = "dwarf"; }; };
07CA1E69F6068DEA30A4DA6B = { isa = XCBuildConfiguration; name = Release; buildSettings = { SDKROOT = "iphoneos"; CLANG_ENABLE_MODULES = "YES"; ENABLE_TESTABILITY = "NO"; DEBUG_INFORMATION_FORMAT = "dwarf-with-dsym"; }; };
B4E10CAA9C5E22150B71559C = { isa = XCConfigurationList; buildConfigurations = (2B23A31EEC75B029432F2445, 07CA1E69F6068DEA30A4DA6B,); defaultConfigurationIsVisible = 0; defaultConfigurationName = Release; };
244210E48437B6556980A702 = { isa = PBXProject; attributes = { LastUpgradeCheck = 2700; }; buildConfigurationList = B4E10CAA9C5E22150B71559C; compatibilityVersion = "Xcode 14.0"; developmentRegion = ja; knownRegions = (ja, en, Base); mainGroup = 0D6E4079E36703EBD37C0072; productRefGroup = 0A3E27B8CA818264D75C8D81; projectDirPath = ""; projectRoot = ""; targets = (52CF090E63F0273733C39ED2, F33B577E156AC443ADC55517, 106DC8DD0C31A2DBDC41BE00,); };
}; rootObject = 244210E48437B6556980A702; }
